
Microsoft Visual Studio Solution File, Format Version 12.00
# Visual Studio Version 17
Project("{2150E333-8FDC-42A3-9474-1A3956D46DE8}") = "CMakePredefinedTargets", "CMakePredefinedTargets", "{9D23EF71-C999-33B0-A3D3-2689DB178DEA}"
EndProject
Project("{8BC9CEB8-8B4A-11D0-8D11-00A0C91BC942}") = "ALL_BUILD", "ALL_BUILD.vcxproj", "{4C781201-1C1C-3BAA-9051-724C4ADB5CBF}"
	ProjectSection(ProjectDependencies) = postProject
		{A5F95F9A-B4D9-3D82-AF24-8B539F63AF73} = {A5F95F9A-B4D9-3D82-AF24-8B539F63AF73}
		{CCF808DF-F9CA-32BF-8D74-053E433079FA} = {CCF808DF-F9CA-32BF-8D74-053E433079FA}
	EndProjectSection
EndProject
Project("{8BC9CEB8-8B4A-11D0-8D11-00A0C91BC942}") = "ZERO_CHECK", "ZERO_CHECK.vcxproj", "{A5F95F9A-B4D9-3D82-AF24-8B539F63AF73}"
	ProjectSection(ProjectDependencies) = postProject
	EndProjectSection
EndProject
Project("{8BC9CEB8-8B4A-11D0-8D11-00A0C91BC942}") = "games_of_throne", "games_of_throne.vcxproj", "{CCF808DF-F9CA-32BF-8D74-053E433079FA}"
	ProjectSection(ProjectDependencies) = postProject
		{A5F95F9A-B4D9-3D82-AF24-8B539F63AF73} = {A5F95F9A-B4D9-3D82-AF24-8B539F63AF73}
	EndProjectSection
EndProject
Global
	GlobalSection(SolutionConfigurationPlatforms) = preSolution
		Debug|x64 = Debug|x64
		Release|x64 = Release|x64
		MinSizeRel|x64 = MinSizeRel|x64
		RelWithDebInfo|x64 = RelWithDebInfo|x64
	EndGlobalSection
	GlobalSection(ProjectConfigurationPlatforms) = postSolution
		{4C781201-1C1C-3BAA-9051-724C4ADB5CBF}.Debug|x64.ActiveCfg = Debug|x64
		{4C781201-1C1C-3BAA-9051-724C4ADB5CBF}.Release|x64.ActiveCfg = Release|x64
		{4C781201-1C1C-3BAA-9051-724C4ADB5CBF}.MinSizeRel|x64.ActiveCfg = MinSizeRel|x64
		{4C781201-1C1C-3BAA-9051-724C4ADB5CBF}.RelWithDebInfo|x64.ActiveCfg = RelWithDebInfo|x64
		{A5F95F9A-B4D9-3D82-AF24-8B539F63AF73}.Debug|x64.ActiveCfg = Debug|x64
		{A5F95F9A-B4D9-3D82-AF24-8B539F63AF73}.Debug|x64.Build.0 = Debug|x64
		{A5F95F9A-B4D9-3D82-AF24-8B539F63AF73}.Release|x64.ActiveCfg = Release|x64
		{A5F95F9A-B4D9-3D82-AF24-8B539F63AF73}.Release|x64.Build.0 = Release|x64
		{A5F95F9A-B4D9-3D82-AF24-8B539F63AF73}.MinSizeRel|x64.ActiveCfg = MinSizeRel|x64
		{A5F95F9A-B4D9-3D82-AF24-8B539F63AF73}.MinSizeRel|x64.Build.0 = MinSizeRel|x64
		{A5F95F9A-B4D9-3D82-AF24-8B539F63AF73}.RelWithDebInfo|x64.ActiveCfg = RelWithDebInfo|x64
		{A5F95F9A-B4D9-3D82-AF24-8B539F63AF73}.RelWithDebInfo|x64.Build.0 = RelWithDebInfo|x64
		{CCF808DF-F9CA-32BF-8D74-053E433079FA}.Debug|x64.ActiveCfg = Debug|x64
		{CCF808DF-F9CA-32BF-8D74-053E433079FA}.Debug|x64.Build.0 = Debug|x64
		{CCF808DF-F9CA-32BF-8D74-053E433079FA}.Release|x64.ActiveCfg = Release|x64
		{CCF808DF-F9CA-32BF-8D74-053E433079FA}.Release|x64.Build.0 = Release|x64
		{CCF808DF-F9CA-32BF-8D74-053E433079FA}.MinSizeRel|x64.ActiveCfg = MinSizeRel|x64
		{CCF808DF-F9CA-32BF-8D74-053E433079FA}.MinSizeRel|x64.Build.0 = MinSizeRel|x64
		{CCF808DF-F9CA-32BF-8D74-053E433079FA}.RelWithDebInfo|x64.ActiveCfg = RelWithDebInfo|x64
		{CCF808DF-F9CA-32BF-8D74-053E433079FA}.RelWithDebInfo|x64.Build.0 = RelWithDebInfo|x64
	EndGlobalSection
	GlobalSection(NestedProjects) = preSolution
		{4C781201-1C1C-3BAA-9051-724C4ADB5CBF} = {9D23EF71-C999-33B0-A3D3-2689DB178DEA}
		{A5F95F9A-B4D9-3D82-AF24-8B539F63AF73} = {9D23EF71-C999-33B0-A3D3-2689DB178DEA}
	EndGlobalSection
	GlobalSection(ExtensibilityGlobals) = postSolution
		SolutionGuid = {49AFCCF9-8C4E-34F0-A2A2-5D20C050255F}
	EndGlobalSection
	GlobalSection(ExtensibilityAddIns) = postSolution
	EndGlobalSection
EndGlobal
